// !$*UTF8*$!
{
	archiveVersion = 1;
	classes = {
	};
	objectVersion = 46;
	objects = {

/* Begin PBXBuildFile section */
		4471095B1CBC44B000361B13 /* JSTP.swift in Sources */ = {isa = PBXBuildFile; fileRef = 4471095A1CBC44B000361B13 /* JSTP.swift */; };
		44CB73361CA9940C00D9F07A /* AppDelegate.swift in Sources */ = {isa = PBXBuildFile; fileRef = 44CB73351CA9940C00D9F07A /* AppDelegate.swift */; };
		44CB73381CA9940C00D9F07A /* ViewController.swift in Sources */ = {isa = PBXBuildFile; fileRef = 44CB73371CA9940C00D9F07A /* ViewController.swift */; };
		44CB733B1CA9940C00D9F07A /* Main.storyboard in Resources */ = {isa = PBXBuildFile; fileRef = 44CB73391CA9940C00D9F07A /* Main.storyboard */; };
		44CB733D1CA9940C00D9F07A /* Assets.xcassets in Resources */ = {isa = PBXBuildFile; fileRef = 44CB733C1CA9940C00D9F07A /* Assets.xcassets */; };
		44CB73401CA9940C00D9F07A /* LaunchScreen.storyboard in Resources */ = {isa = PBXBuildFile; fileRef = 44CB733E1CA9940C00D9F07A /* LaunchScreen.storyboard */; };
		44CB734B1CA9940C00D9F07A /* JSTPhoneTests.swift in Sources */ = {isa = PBXBuildFile; fileRef = 44CB734A1CA9940C00D9F07A /* JSTPhoneTests.swift */; };
		44CB73571CA994FD00D9F07A /* data.js in Resources */ = {isa = PBXBuildFile; fileRef = 44CB73551CA994FD00D9F07A /* data.js */; };
		44CB73581CA994FD00D9F07A /* metadata.js in Resources */ = {isa = PBXBuildFile; fileRef = 44CB73561CA994FD00D9F07A /* metadata.js */; };
		44CB735A1CA9951200D9F07A /* api.js in Resources */ = {isa = PBXBuildFile; fileRef = 44CB73591CA9951200D9F07A /* api.js */; };
/* End PBXBuildFile section */

/* Begin PBXContainerItemProxy section */
		44CB73471CA9940C00D9F07A /* PBXContainerItemProxy */ = {
			isa = PBXContainerItemProxy;
			containerPortal = 44CB732A1CA9940C00D9F07A /* Project object */;
			proxyType = 1;
			remoteGlobalIDString = 44CB73311CA9940C00D9F07A;
			remoteInfo = JSTPhone;
		};
/* End PBXContainerItemProxy section */

/* Begin PBXFileReference section */
		4471095A1CBC44B000361B13 /* JSTP.swift */ = {isa = PBXFileReference; fileEncoding = 4; lastKnownFileType = sourcecode.swift; path = JSTP.swift; sourceTree = "<group>"; };
		44CB73321CA9940C00D9F07A /* JSTPhone.app */ = {isa = PBXFileReference; explicitFileType = wrapper.application; includeInIndex = 0; path = JSTPhone.app; sourceTree = BUILT_PRODUCTS_DIR; };
		44CB73351CA9940C00D9F07A /* AppDelegate.swift */ = {isa = PBXFileReference; lastKnownFileType = sourcecode.swift; path = AppDelegate.swift; sourceTree = "<group>"; };
		44CB73371CA9940C00D9F07A /* ViewController.swift */ = {isa = PBXFileReference; lastKnownFileType = sourcecode.swift; path = ViewController.swift; sourceTree = "<group>"; };
		44CB733A1CA9940C00D9F07A /* Base */ = {isa = PBXFileReference; lastKnownFileType = file.storyboard; name = Base; path = Base.lproj/Main.storyboard; sourceTree = "<group>"; };
		44CB733C1CA9940C00D9F07A /* Assets.xcassets */ = {isa = PBXFileReference; lastKnownFileType = folder.assetcatalog; path = Assets.xcassets; sourceTree = "<group>"; };
		44CB733F1CA9940C00D9F07A /* Base */ = {isa = PBXFileReference; lastKnownFileType = file.storyboard; name = Base; path = Base.lproj/LaunchScreen.storyboard; sourceTree = "<group>"; };
		44CB73411CA9940C00D9F07A /* Info.plist */ = {isa = PBXFileReference; lastKnownFileType = text.plist.xml; path = Info.plist; sourceTree = "<group>"; };
		44CB73461CA9940C00D9F07A /* JSTPhoneTests.xctest */ = {isa = PBXFileReference; explicitFileType = wrapper.cfbundle; includeInIndex = 0; path = JSTPhoneTests.xctest; sourceTree = BUILT_PRODUCTS_DIR; };
		44CB734A1CA9940C00D9F07A /* JSTPhoneTests.swift */ = {isa = PBXFileReference; lastKnownFileType = sourcecode.swift; path = JSTPhoneTests.swift; sourceTree = "<group>"; };
		44CB734C1CA9940C00D9F07A /* Info.plist */ = {isa = PBXFileReference; lastKnownFileType = text.plist.xml; path = Info.plist; sourceTree = "<group>"; };
		44CB73551CA994FD00D9F07A /* data.js */ = {isa = PBXFileReference; fileEncoding = 4; lastKnownFileType = sourcecode.javascript; path = data.js; sourceTree = "<group>"; };
		44CB73561CA994FD00D9F07A /* metadata.js */ = {isa = PBXFileReference; fileEncoding = 4; lastKnownFileType = sourcecode.javascript; path = metadata.js; sourceTree = "<group>"; };
		44CB73591CA9951200D9F07A /* api.js */ = {isa = PBXFileReference; fileEncoding = 4; lastKnownFileType = sourcecode.javascript; path = api.js; sourceTree = "<group>"; };
/* End PBXFileReference section */

/* Begin PBXFrameworksBuildPhase section */
		44CB732F1CA9940C00D9F07A /* Frameworks */ = {
			isa = PBXFrameworksBuildPhase;
			buildActionMask = 2147483647;
			files = (
			);
			runOnlyForDeploymentPostprocessing = 0;
		};
		44CB73431CA9940C00D9F07A /* Frameworks */ = {
			isa = PBXFrameworksBuildPhase;
			buildActionMask = 2147483647;
			files = (
			);
			runOnlyForDeploymentPostprocessing = 0;
		};
/* End PBXFrameworksBuildPhase section */

/* Begin PBXGroup section */
		44CB73291CA9940C00D9F07A = {
			isa = PBXGroup;
			children = (
				44CB73341CA9940C00D9F07A /* JSTPhone */,
				44CB73491CA9940C00D9F07A /* JSTPhoneTests */,
				44CB73331CA9940C00D9F07A /* Products */,
			);
			sourceTree = "<group>";
		};
		44CB73331CA9940C00D9F07A /* Products */ = {
			isa = PBXGroup;
			children = (
				44CB73321CA9940C00D9F07A /* JSTPhone.app */,
				44CB73461CA9940C00D9F07A /* JSTPhoneTests.xctest */,
			);
			name = Products;
			sourceTree = "<group>";
		};
		44CB73341CA9940C00D9F07A /* JSTPhone */ = {
			isa = PBXGroup;
			children = (
				44CB73351CA9940C00D9F07A /* AppDelegate.swift */,
				44CB73371CA9940C00D9F07A /* ViewController.swift */,
				4471095A1CBC44B000361B13 /* JSTP.swift */,
				44CB73561CA994FD00D9F07A /* metadata.js */,
				44CB73551CA994FD00D9F07A /* data.js */,
				44CB73591CA9951200D9F07A /* api.js */,
				44CB73391CA9940C00D9F07A /* Main.storyboard */,
				44CB733C1CA9940C00D9F07A /* Assets.xcassets */,
				44CB733E1CA9940C00D9F07A /* LaunchScreen.storyboard */,
				44CB73411CA9940C00D9F07A /* Info.plist */,
			);
			path = JSTPhone;
			sourceTree = "<group>";
		};
		44CB73491CA9940C00D9F07A /* JSTPhoneTests */ = {
			isa = PBXGroup;
			children = (
				44CB734A1CA9940C00D9F07A /* JSTPhoneTests.swift */,
				44CB734C1CA9940C00D9F07A /* Info.plist */,
			);
			path = JSTPhoneTests;
			sourceTree = "<group>";
		};
/* End PBXGroup section */

/* Begin PBXNativeTarget section */
		44CB73311CA9940C00D9F07A /* JSTPhone */ = {
			isa = PBXNativeTarget;
			buildConfigurationList = 44CB734F1CA9940C00D9F07A /* Build configuration list for PBXNativeTarget "JSTPhone" */;
			buildPhases = (
				44CB732E1CA9940C00D9F07A /* Sources */,
				44CB732F1CA9940C00D9F07A /* Frameworks */,
				44CB73301CA9940C00D9F07A /* Resources */,
			);
			buildRules = (
			);
			dependencies = (
			);
			name = JSTPhone;
			productName = JSTPhone;
			productReference = 44CB73321CA9940C00D9F07A /* JSTPhone.app */;
			productType = "com.apple.product-type.application";
		};
		44CB73451CA9940C00D9F07A /* JSTPhoneTests */ = {
			isa = PBXNativeTarget;
			buildConfigurationList = 44CB73521CA9940C00D9F07A /* Build configuration list for PBXNativeTarget "JSTPhoneTests" */;
			buildPhases = (
				44CB73421CA9940C00D9F07A /* Sources */,
				44CB73431CA9940C00D9F07A /* Frameworks */,
				44CB73441CA9940C00D9F07A /* Resources */,
			);
			buildRules = (
			);
			dependencies = (
				44CB73481CA9940C00D9F07A /* PBXTargetDependency */,
			);
			name = JSTPhoneTests;
			productName = JSTPhoneTests;
			productReference = 44CB73461CA9940C00D9F07A /* JSTPhoneTests.xctest */;
			productType = "com.apple.product-type.bundle.unit-test";
		};
/* End PBXNativeTarget section */

/* Begin PBXProject section */
		44CB732A1CA9940C00D9F07A /* Project object */ = {
			isa = PBXProject;
			attributes = {
				LastSwiftUpdateCheck = 0720;
				LastUpgradeCheck = 0720;
				ORGANIZATIONNAME = Test;
				TargetAttributes = {
					44CB73311CA9940C00D9F07A = {
						CreatedOnToolsVersion = 7.2;
						DevelopmentTeam = SGGE7G6CX5;
					};
					44CB73451CA9940C00D9F07A = {
						CreatedOnToolsVersion = 7.2;
						DevelopmentTeam = SGGE7G6CX5;
						TestTargetID = 44CB73311CA9940C00D9F07A;
					};
				};
			};
			buildConfigurationList = 44CB732D1CA9940C00D9F07A /* Build configuration list for PBXProject "JSTPhone" */;
			compatibilityVersion = "Xcode 3.2";
			developmentRegion = English;
			hasScannedForEncodings = 0;
			knownRegions = (
				en,
				Base,
			);
			mainGroup = 44CB73291CA9940C00D9F07A;
			productRefGroup = 44CB73331CA9940C00D9F07A /* Products */;
			projectDirPath = "";
			projectRoot = "";
			targets = (
				44CB73311CA9940C00D9F07A /* JSTPhone */,
				44CB73451CA9940C00D9F07A /* JSTPhoneTests */,
			);
		};
/* End PBXProject section */

/* Begin PBXResourcesBuildPhase section */
		44CB73301CA9940C00D9F07A /* Resources */ = {
			isa = PBXResourcesBuildPhase;
			buildActionMask = 2147483647;
			files = (
				44CB73571CA994FD00D9F07A /* data.js in Resources */,
				44CB73581CA994FD00D9F07A /* metadata.js in Resources */,
				44CB73401CA9940C00D9F07A /* LaunchScreen.storyboard in Resources */,
				44CB733D1CA9940C00D9F07A /* Assets.xcassets in Resources */,
				44CB733B1CA9940C00D9F07A /* Main.storyboard in Resources */,
				44CB735A1CA9951200D9F07A /* api.js in Resources */,
			);
			runOnlyForDeploymentPostprocessing = 0;
		};
		44CB73441CA9940C00D9F07A /* Resources */ = {
			isa = PBXResourcesBuildPhase;
			buildActionMask = 2147483647;
			files = (
			);
			runOnlyForDeploymentPostprocessing = 0;
		};
/* End PBXResourcesBuildPhase section */

/* Begin PBXSourcesBuildPhase section */
		44CB732E1CA9940C00D9F07A /* Sources */ = {
			isa = PBXSourcesBuildPhase;
			buildActionMask = 2147483647;
			files = (
				4471095B1CBC44B000361B13 /* JSTP.swift in Sources */,
				44CB73381CA9940C00D9F07A /* ViewController.swift in Sources */,
				44CB73361CA9940C00D9F07A /* AppDelegate.swift in Sources */,
			);
			runOnlyForDeploymentPostprocessing = 0;
		};
		44CB73421CA9940C00D9F07A /* Sources */ = {
			isa = PBXSourcesBuildPhase;
			buildActionMask = 2147483647;
			files = (
				44CB734B1CA9940C00D9F07A /* JSTPhoneTests.swift in Sources */,
			);
			runOnlyForDeploymentPostprocessing = 0;
		};
/* End PBXSourcesBuildPhase section */

/* Begin PBXTargetDependency section */
		44CB73481CA9940C00D9F07A /* PBXTargetDependency */ = {
			isa = PBXTargetDependency;
			target = 44CB73311CA9940C00D9F07A /* JSTPhone */;
			targetProxy = 44CB73471CA9940C00D9F07A /* PBXContainerItemProxy */;
		};
/* End PBXTargetDependency section */

/* Begin PBXVariantGroup section */
		44CB73391CA9940C00D9F07A /* Main.storyboard */ = {
			isa = PBXVariantGroup;
			children = (
				44CB733A1CA9940C00D9F07A /* Base */,
			);
			name = Main.storyboard;
			sourceTree = "<group>";
		};
		44CB733E1CA9940C00D9F07A /* LaunchScreen.storyboard */ = {
			isa = PBXVariantGroup;
			children = (
				44CB733F1CA9940C00D9F07A /* Base */,
			);
			name = LaunchScreen.storyboard;
			sourceTree = "<group>";
		};
/* End PBXVariantGroup section */

/* Begin XCBuildConfiguration section */
		44CB734D1CA9940C00D9F07A /* Debug */ = {
			isa = XCBuildConfiguration;
			buildSettings = {
				ALWAYS_SEARCH_USER_PATHS = NO;
				CLANG_CXX_LANGUAGE_STANDARD = "gnu++0x";
				CLANG_CXX_LIBRARY = "libc++";
				CLANG_ENABLE_MODULES = YES;
				CLANG_ENABLE_OBJC_ARC = YES;
				CLANG_WARN_BOOL_CONVERSION = YES;
				CLANG_WARN_CONSTANT_CONVERSION = YES;
				CLANG_WARN_DIRECT_OBJC_ISA_USAGE = YES_ERROR;
				CLANG_WARN_EMPTY_BODY = YES;
				CLANG_WARN_ENUM_CONVERSION = YES;
				CLANG_WARN_INT_CONVERSION = YES;
				CLANG_WARN_OBJC_ROOT_CLASS = YES_ERROR;
				CLANG_WARN_UNREACHABLE_CODE = YES;
				CLANG_WARN__DUPLICATE_METHOD_MATCH = YES;
				"CODE_SIGN_IDENTITY[sdk=iphoneos*]" = "iPhone Developer";
				COPY_PHASE_STRIP = NO;
				DEBUG_INFORMATION_FORMAT = dwarf;
				ENABLE_STRICT_OBJC_MSGSEND = YES;
				ENABLE_TESTABILITY = YES;
				GCC_C_LANGUAGE_STANDARD = gnu99;
				GCC_DYNAMIC_NO_PIC = NO;
				GCC_NO_COMMON_BLOCKS = YES;
				GCC_OPTIMIZATION_LEVEL = 0;
				GCC_PREPROCESSOR_DEFINITIONS = (
					"DEBUG=1",
					"$(inherited)",
				);
				GCC_WARN_64_TO_32_BIT_CONVERSION = YES;
				GCC_WARN_ABOUT_RETURN_TYPE = YES_ERROR;
				GCC_WARN_UNDECLARED_SELECTOR = YES;
				GCC_WARN_UNINITIALIZED_AUTOS = YES_AGGRESSIVE;
				GCC_WARN_UNUSED_FUNCTION = YES;
				GCC_WARN_UNUSED_VARIABLE = YES;
				IPHONEOS_DEPLOYMENT_TARGET = 9.2;
				MTL_ENABLE_DEBUG_INFO = YES;
				ONLY_ACTIVE_ARCH = YES;
				SDKROOT = iphoneos;
				SWIFT_OPTIMIZATION_LEVEL = "-Onone";
			};
			name = Debug;
		};
		44CB734E1CA9940C00D9F07A /* Release */ = {
			isa = XCBuildConfiguration;
			buildSettings = {
				ALWAYS_SEARCH_USER_PATHS = NO;
				CLANG_CXX_LANGUAGE_STANDARD = "gnu++0x";
				CLANG_CXX_LIBRARY = "libc++";
				CLANG_ENABLE_MODULES = YES;
				CLANG_ENABLE_OBJC_ARC = YES;
				CLANG_WARN_BOOL_CONVERSION = YES;
				CLANG_WARN_CONSTANT_CONVERSION = YES;
				CLANG_WARN_DIRECT_OBJC_ISA_USAGE = YES_ERROR;
				CLANG_WARN_EMPTY_BODY = YES;
				CLANG_WARN_ENUM_CONVERSION = YES;
				CLANG_WARN_INT_CONVERSION = YES;
				CLANG_WARN_OBJC_ROOT_CLASS = YES_ERROR;
				CLANG_WARN_UNREACHABLE_CODE = YES;
				CLANG_WARN__DUPLICATE_METHOD_MATCH = YES;
				"CODE_SIGN_IDENTITY[sdk=iphoneos*]" = "iPhone Developer";
				COPY_PHASE_STRIP = NO;
				DEBUG_INFORMATION_FORMAT = "dwarf-with-dsym";
				ENABLE_NS_ASSERTIONS = NO;
				ENABLE_STRICT_OBJC_MSGSEND = YES;
				GCC_C_LANGUAGE_STANDARD = gnu99;
				GCC_NO_COMMON_BLOCKS = YES;
				GCC_OPTIMIZATION_LEVEL = fast;
				GCC_WARN_64_TO_32_BIT_CONVERSION = YES;
				GCC_WARN_ABOUT_RETURN_TYPE = YES_ERROR;
				GCC_WARN_UNDECLARED_SELECTOR = YES;
				GCC_WARN_UNINITIALIZED_AUTOS = YES_AGGRESSIVE;
				GCC_WARN_UNUSED_FUNCTION = YES;
				GCC_WARN_UNUSED_VARIABLE = YES;
				IPHONEOS_DEPLOYMENT_TARGET = 9.2;
				MTL_ENABLE_DEBUG_INFO = NO;
				SDKROOT = iphoneos;
				SWIFT_OPTIMIZATION_LEVEL = "-Owholemodule";
				VALIDATE_PRODUCT = YES;
			};
			name = Release;
		};
		44CB73501CA9940C00D9F07A /* Debug */ = {
			isa = XCBuildConfiguration;
			buildSettings = {
				ASSETCATALOG_COMPILER_APPICON_NAME = AppIcon;
				INFOPLIST_FILE = JSTPhone/Info.plist;
				IPHONEOS_DEPLOYMENT_TARGET = 9.0;
				LD_RUNPATH_SEARCH_PATHS = "$(inherited) @executable_path/Frameworks";
				PRODUCT_BUNDLE_IDENTIFIER = com.Antipop.Swift.JSTPhone;
				PRODUCT_NAME = "$(TARGET_NAME)";
			};
			name = Debug;
		};
		44CB73511CA9940C00D9F07A /* Release */ = {
			isa = XCBuildConfiguration;
			buildSettings = {
				ASSETCATALOG_COMPILER_APPICON_NAME = AppIcon;
				INFOPLIST_FILE = JSTPhone/Info.plist;
				IPHONEOS_DEPLOYMENT_TARGET = 9.0;
				LD_RUNPATH_SEARCH_PATHS = "$(inherited) @executable_path/Frameworks";
				PRODUCT_BUNDLE_IDENTIFIER = com.Antipop.Swift.JSTPhone;
				PRODUCT_NAME = "$(TARGET_NAME)";
			};
			name = Release;
		};
		44CB73531CA9940C00D9F07A /* Debug */ = {
			isa = XCBuildConfiguration;
			buildSettings = {
				BUNDLE_LOADER = "$(TEST_HOST)";
				INFOPLIST_FILE = JSTPhoneTests/Info.plist;
				LD_RUNPATH_SEARCH_PATHS = "$(inherited) @executable_path/Frameworks @loader_path/Frameworks";
				PRODUCT_BUNDLE_IDENTIFIER = com.Antipop.Swift.JSTPhoneTests;
				PRODUCT_NAME = "$(TARGET_NAME)";
				TEST_HOST = "$(BUILT_PRODUCTS_DIR)/JSTPhone.app/JSTPhone";
			};
			name = Debug;
		};
		44CB73541CA9940C00D9F07A /* Release */ = {
			isa = XCBuildConfiguration;
			buildSettings = {
				BUNDLE_LOADER = "$(TEST_HOST)";
				INFOPLIST_FILE = JSTPhoneTests/Info.plist;
				LD_RUNPATH_SEARCH_PATHS = "$(inherited) @executable_path/Frameworks @loader_path/Frameworks";
				PRODUCT_BUNDLE_IDENTIFIER = com.Antipop.Swift.JSTPhoneTests;
				PRODUCT_NAME = "$(TARGET_NAME)";
				TEST_HOST = "$(BUILT_PRODUCTS_DIR)/JSTPhone.app/JSTPhone";
			};
			name = Release;
		};
/* End XCBuildConfiguration section */

/* Begin XCConfigurationList section */
		44CB732D1CA9940C00D9F07A /* Build configuration list for PBXProject "JSTPhone" */ = {
			isa = XCConfigurationList;
			buildConfigurations = (
				44CB734D1CA9940C00D9F07A /* Debug */,
				44CB734E1CA9940C00D9F07A /* Release */,
			);
			defaultConfigurationIsVisible = 0;
			defaultConfigurationName = Release;
		};
		44CB734F1CA9940C00D9F07A /* Build configuration list for PBXNativeTarget "JSTPhone" */ = {
			isa = XCConfigurationList;
			buildConfigurations = (
				44CB73501CA9940C00D9F07A /* Debug */,
				44CB73511CA9940C00D9F07A /* Release */,
			);
			defaultConfigurationIsVisible = 0;
			defaultConfigurationName = Release;
		};
		44CB73521CA9940C00D9F07A /* Build configuration list for PBXNativeTarget "JSTPhoneTests" */ = {
			isa = XCConfigurationList;
			buildConfigurations = (
				44CB73531CA9940C00D9F07A /* Debug */,
				44CB73541CA9940C00D9F07A /* Release */,
			);
			defaultConfigurationIsVisible = 0;
			defaultConfigurationName = Release;
		};
/* End XCConfigurationList section */
	};
	rootObject = 44CB732A1CA9940C00D9F07A /* Project object */;
}
